
Microsoft Visual Studio Solution File, Format Version 12.00
# 
Project("{FAE04EC0-301F-11D3-BF4B-00C04F79EFBC}") = "LibraryManagementAPI", "LibraryManagementAPI\LibraryManagementAPI.csproj", "{C3360EBA-46CC-4622-87B9-6331363C86DA}"
EndProject
Project("{FAE04EC0-301F-11D3-BF4B-00C04F79EFBC}") = "LibraryManagementAPI.Tests", "LibraryManagementAPI.Tests\LibraryManagementAPI.Tests.csproj", "{14906288-6A28-41E5-A6B2-6651DBD66440}"
EndProject
Global
	GlobalSection(SolutionConfigurationPlatforms) = preSolution
		Debug|Any CPU = Debug|Any CPU
		Release|Any CPU = Release|Any CPU
	EndGlobalSection
	GlobalSection(ProjectConfigurationPlatforms) = postSolution
		{C3360EBA-46CC-4622-87B9-6331363C86DA}.Debug|Any CPU.ActiveCfg = Debug|Any CPU
		{C3360EBA-46CC-4622-87B9-6331363C86DA}.Debug|Any CPU.Build.0 = Debug|Any CPU
		{C3360EBA-46CC-4622-87B9-6331363C86DA}.Release|Any CPU.ActiveCfg = Release|Any CPU
		{C3360EBA-46CC-4622-87B9-6331363C86DA}.Release|Any CPU.Build.0 = Release|Any CPU
		{14906288-6A28-41E5-A6B2-6651DBD66440}.Debug|Any CPU.ActiveCfg = Debug|Any CPU
		{14906288-6A28-41E5-A6B2-6651DBD66440}.Debug|Any CPU.Build.0 = Debug|Any CPU
		{14906288-6A28-41E5-A6B2-6651DBD66440}.Release|Any CPU.ActiveCfg = Release|Any CPU
		{14906288-6A28-41E5-A6B2-6651DBD66440}.Release|Any CPU.Build.0 = Release|Any CPU
	EndGlobalSection
EndGlobal
